
Microsoft Visual Studio Solution File, Format Version 12.00
# Visual Studio Version 16
VisualStudioVersion = 25.0.1703.1
MinimumVisualStudioVersion = 10.0.40219.1
Project("{FAE04EC0-301F-11D3-BF4B-00C04F79EFBC}") = "DoublyLinkedList.App", "DoublyLinkedList\DoublyLinkedList.App.csproj", "{0A833ADA-9B04-4415-B518-4D1E70C11B7B}"
EndProject
Global
	GlobalSection(SolutionConfigurationPlatforms) = preSolution
		Debug|Any CPU = Debug|Any CPU
		Release|Any CPU = Release|Any CPU
	EndGlobalSection
	GlobalSection(ProjectConfigurationPlatforms) = postSolution
		{0A833ADA-9B04-4415-B518-4D1E70C11B7B}.Debug|Any CPU.ActiveCfg = Debug|Any CPU
		{0A833ADA-9B04-4415-B518-4D1E70C11B7B}.Debug|Any CPU.Build.0 = Debug|Any CPU
		{0A833ADA-9B04-4415-B518-4D1E70C11B7B}.Release|Any CPU.ActiveCfg = Release|Any CPU
		{0A833ADA-9B04-4415-B518-4D1E70C11B7B}.Release|Any CPU.Build.0 = Release|Any CPU
	EndGlobalSection
	GlobalSection(SolutionProperties) = preSolution
		HideSolutionNode = FALSE
	EndGlobalSection
	GlobalSection(ExtensibilityGlobals) = postSolution
		SolutionGuid = {3795D86D-01AC-4BE1-B14F-ADCE7F710680}
	EndGlobalSection
EndGlobal
